
Microsoft Visual Studio Solution File, Format Version 12.00
# Visual Studio 15
VisualStudioVersion = 15.0.27703.2026
MinimumVisualStudioVersion = 10.0.40219.1
Project("{FAE04EC0-301F-11D3-BF4B-00C04F79EFBC}") = "MabiLogin", "MabiLogin\MabiLogin.csproj", "{B8BFF84D-B1B0-4DF3-AA23-CC1FA3D6C267}"
EndProject
Global
	GlobalSection(SolutionConfigurationPlatforms) = preSolution
		Debug|x86 = Debug|x86
		Release|x86 = Release|x86
	EndGlobalSection
	GlobalSection(ProjectConfigurationPlatforms) = postSolution
		{B8BFF84D-B1B0-4DF3-AA23-CC1FA3D6C267}.Debug|x86.ActiveCfg = Debug|x86
		{B8BFF84D-B1B0-4DF3-AA23-CC1FA3D6C267}.Debug|x86.Build.0 = Debug|x86
		{B8BFF84D-B1B0-4DF3-AA23-CC1FA3D6C267}.Release|x86.ActiveCfg = Release|x86
		{B8BFF84D-B1B0-4DF3-AA23-CC1FA3D6C267}.Release|x86.Build.0 = Release|x86
	EndGlobalSection
	GlobalSection(SolutionProperties) = preSolution
		HideSolutionNode = FALSE
	EndGlobalSection
	GlobalSection(ExtensibilityGlobals) = postSolution
		SolutionGuid = {2AD8498E-E5E2-40C1-A1F3-BF0D7BBA2D3A}
	EndGlobalSection
EndGlobal
